
Microsoft Visual Studio Solution File, Format Version 12.00
# Visual Studio Version 16
VisualStudioVersion = 16.0.31702.278
MinimumVisualStudioVersion = 10.0.40219.1
Project("{FAE04EC0-301F-11D3-BF4B-00C04F79EFBC}") = "1-PrimeiroProjeto", "1-PrimeiroProjeto\1-PrimeiroProjeto.csproj", "{740CCABA-F211-470A-BACA-126A7653357B}"
EndProject
Project("{FAE04EC0-301F-11D3-BF4B-00C04F79EFBC}") = "2-CriandoVariaveis", "2-CriandoVariaveis\2-CriandoVariaveis.csproj", "{4517D2B9-6BE3-4241-B2B3-E945E5323C0F}"
EndProject
Project("{FAE04EC0-301F-11D3-BF4B-00C04F79EFBC}") = "3-CriandoVariaveisPontoFlutuante", "3-CriandoVariaveisPontoFlutuante\3-CriandoVariaveisPontoFlutuante.csproj", "{B5C93907-00FE-49B9-8A2E-04F3AF38902A}"
EndProject
Project("{FAE04EC0-301F-11D3-BF4B-00C04F79EFBC}") = "4-ConversoesEOutrosTiposNumericos", "4-ConversoesEOutrosTiposNumericos\4-ConversoesEOutrosTiposNumericos.csproj", "{0D160C7F-8073-47D5-84DD-6C656856FE67}"
EndProject
Project("{FAE04EC0-301F-11D3-BF4B-00C04F79EFBC}") = "5-CaracteresETextos", "5-CaracteresETextos\5-CaracteresETextos.csproj", "{B4F915F2-AF38-4612-8D8D-A589218F357D}"
EndProject
Project("{FAE04EC0-301F-11D3-BF4B-00C04F79EFBC}") = "6-AtribuicoesDeVariaveis", "6-AtribuicoesDeVariaveis\6-AtribuicoesDeVariaveis.csproj", "{499B79E6-0CD8-4DBC-B7AB-FDA287231733}"
EndProject
Project("{FAE04EC0-301F-11D3-BF4B-00C04F79EFBC}") = "7-Condicionais", "7-Condicionais\7-Condicionais.csproj", "{7C119D2C-71C0-436F-94F4-112C706769A5}"
EndProject
Project("{FAE04EC0-301F-11D3-BF4B-00C04F79EFBC}") = "8-Condicionais2", "8-Condicionais2\8-Condicionais2.csproj", "{113281D0-8D1E-4577-8123-A1C0708CE53E}"
EndProject
Project("{FAE04EC0-301F-11D3-BF4B-00C04F79EFBC}") = "9-Escopo", "9-Escopo\9-Escopo.csproj", "{FE78AA0D-DF08-4E70-ADD6-768DC282FFDF}"
EndProject
Global
	GlobalSection(SolutionConfigurationPlatforms) = preSolution
		Debug|Any CPU = Debug|Any CPU
		Release|Any CPU = Release|Any CPU
	EndGlobalSection
	GlobalSection(ProjectConfigurationPlatforms) = postSolution
		{740CCABA-F211-470A-BACA-126A7653357B}.Debug|Any CPU.ActiveCfg = Debug|Any CPU
		{740CCABA-F211-470A-BACA-126A7653357B}.Debug|Any CPU.Build.0 = Debug|Any CPU
		{740CCABA-F211-470A-BACA-126A7653357B}.Release|Any CPU.ActiveCfg = Release|Any CPU
		{740CCABA-F211-470A-BACA-126A7653357B}.Release|Any CPU.Build.0 = Release|Any CPU
		{4517D2B9-6BE3-4241-B2B3-E945E5323C0F}.Debug|Any CPU.ActiveCfg = Debug|Any CPU
		{4517D2B9-6BE3-4241-B2B3-E945E5323C0F}.Debug|Any CPU.Build.0 = Debug|Any CPU
		{4517D2B9-6BE3-4241-B2B3-E945E5323C0F}.Release|Any CPU.ActiveCfg = Release|Any CPU
		{4517D2B9-6BE3-4241-B2B3-E945E5323C0F}.Release|Any CPU.Build.0 = Release|Any CPU
		{B5C93907-00FE-49B9-8A2E-04F3AF38902A}.Debug|Any CPU.ActiveCfg = Debug|Any CPU
		{B5C93907-00FE-49B9-8A2E-04F3AF38902A}.Debug|Any CPU.Build.0 = Debug|Any CPU
		{B5C93907-00FE-49B9-8A2E-04F3AF38902A}.Release|Any CPU.ActiveCfg = Release|Any CPU
		{B5C93907-00FE-49B9-8A2E-04F3AF38902A}.Release|Any CPU.Build.0 = Release|Any CPU
		{0D160C7F-8073-47D5-84DD-6C656856FE67}.Debug|Any CPU.ActiveCfg = Debug|Any CPU
		{0D160C7F-8073-47D5-84DD-6C656856FE67}.Debug|Any CPU.Build.0 = Debug|Any CPU
		{0D160C7F-8073-47D5-84DD-6C656856FE67}.Release|Any CPU.ActiveCfg = Release|Any CPU
		{0D160C7F-8073-47D5-84DD-6C656856FE67}.Release|Any CPU.Build.0 = Release|Any CPU
		{B4F915F2-AF38-4612-8D8D-A589218F357D}.Debug|Any CPU.ActiveCfg = Debug|Any CPU
		{B4F915F2-AF38-4612-8D8D-A589218F357D}.Debug|Any CPU.Build.0 = Debug|Any CPU
		{B4F915F2-AF38-4612-8D8D-A589218F357D}.Release|Any CPU.ActiveCfg = Release|Any CPU
		{B4F915F2-AF38-4612-8D8D-A589218F357D}.Release|Any CPU.Build.0 = Release|Any CPU
		{499B79E6-0CD8-4DBC-B7AB-FDA287231733}.Debug|Any CPU.ActiveCfg = Debug|Any CPU
		{499B79E6-0CD8-4DBC-B7AB-FDA287231733}.Debug|Any CPU.Build.0 = Debug|Any CPU
		{499B79E6-0CD8-4DBC-B7AB-FDA287231733}.Release|Any CPU.ActiveCfg = Release|Any CPU
		{499B79E6-0CD8-4DBC-B7AB-FDA287231733}.Release|Any CPU.Build.0 = Release|Any CPU
		{7C119D2C-71C0-436F-94F4-112C706769A5}.Debug|Any CPU.ActiveCfg = Debug|Any CPU
		{7C119D2C-71C0-436F-94F4-112C706769A5}.Debug|Any CPU.Build.0 = Debug|Any CPU
		{7C119D2C-71C0-436F-94F4-112C706769A5}.Release|Any CPU.ActiveCfg = Release|Any CPU
		{7C119D2C-71C0-436F-94F4-112C706769A5}.Release|Any CPU.Build.0 = Release|Any CPU
		{113281D0-8D1E-4577-8123-A1C0708CE53E}.Debug|Any CPU.ActiveCfg = Debug|Any CPU
		{113281D0-8D1E-4577-8123-A1C0708CE53E}.Debug|Any CPU.Build.0 = Debug|Any CPU
		{113281D0-8D1E-4577-8123-A1C0708CE53E}.Release|Any CPU.ActiveCfg = Release|Any CPU
		{113281D0-8D1E-4577-8123-A1C0708CE53E}.Release|Any CPU.Build.0 = Release|Any CPU
		{FE78AA0D-DF08-4E70-ADD6-768DC282FFDF}.Debug|Any CPU.ActiveCfg = Debug|Any CPU
		{FE78AA0D-DF08-4E70-ADD6-768DC282FFDF}.Debug|Any CPU.Build.0 = Debug|Any CPU
		{FE78AA0D-DF08-4E70-ADD6-768DC282FFDF}.Release|Any CPU.ActiveCfg = Release|Any CPU
		{FE78AA0D-DF08-4E70-ADD6-768DC282FFDF}.Release|Any CPU.Build.0 = Release|Any CPU
	EndGlobalSection
	GlobalSection(SolutionProperties) = preSolution
		HideSolutionNode = FALSE
	EndGlobalSection
	GlobalSection(ExtensibilityGlobals) = postSolution
		SolutionGuid = {820568E7-60F2-4823-836A-BE61CD4A22E6}
	EndGlobalSection
EndGlobal
